
Microsoft Visual Studio Solution File, Format Version 12.00
# Visual Studio 14
VisualStudioVersion = 14.0.23107.0
MinimumVisualStudioVersion = 10.0.40219.1
Project("{F2A71F9B-5D33-465A-A702-920D77279786}") = "TypeProviders", "TypeProviders\TypeProviders.fsproj", "{1D14E801-D6D3-4F97-9D3A-3810736761FA}"
EndProject
Project("{F2A71F9B-5D33-465A-A702-920D77279786}") = "FSharpTutorial", "FSharpTutorial\FSharpTutorial.fsproj", "{D4DE5715-E093-4197-B19C-E29B9F09BFAA}"
EndProject
Global
	GlobalSection(SolutionConfigurationPlatforms) = preSolution
		Debug|Any CPU = Debug|Any CPU
		Release|Any CPU = Release|Any CPU
	EndGlobalSection
	GlobalSection(ProjectConfigurationPlatforms) = postSolution
		{1D14E801-D6D3-4F97-9D3A-3810736761FA}.Debug|Any CPU.ActiveCfg = Debug|Any CPU
		{1D14E801-D6D3-4F97-9D3A-3810736761FA}.Debug|Any CPU.Build.0 = Debug|Any CPU
		{1D14E801-D6D3-4F97-9D3A-3810736761FA}.Release|Any CPU.ActiveCfg = Release|Any CPU
		{1D14E801-D6D3-4F97-9D3A-3810736761FA}.Release|Any CPU.Build.0 = Release|Any CPU
		{D4DE5715-E093-4197-B19C-E29B9F09BFAA}.Debug|Any CPU.ActiveCfg = Debug|Any CPU
		{D4DE5715-E093-4197-B19C-E29B9F09BFAA}.Debug|Any CPU.Build.0 = Debug|Any CPU
		{D4DE5715-E093-4197-B19C-E29B9F09BFAA}.Release|Any CPU.ActiveCfg = Release|Any CPU
		{D4DE5715-E093-4197-B19C-E29B9F09BFAA}.Release|Any CPU.Build.0 = Release|Any CPU
	EndGlobalSection
	GlobalSection(SolutionProperties) = preSolution
		HideSolutionNode = FALSE
	EndGlobalSection
EndGlobal
